// !$*UTF8*$!
{
	archiveVersion = 1;
	classes = {
	};
	objectVersion = 55;
	objects = {

/* Begin PBXBuildFile section */
		C77E04212822AB3100B68E38 /* TipsCollectedView.swift in Sources */ = {isa = PBXBuildFile; fileRef = C77E04202822AB3100B68E38 /* TipsCollectedView.swift */; };
		C77E04232822AFD800B68E38 /* TipsCollectedData.swift in Sources */ = {isa = PBXBuildFile; fileRef = C77E04222822AFD800B68E38 /* TipsCollectedData.swift */; };
		C77E04252822B48B00B68E38 /* BookingRecordView.swift in Sources */ = {isa = PBXBuildFile; fileRef = C77E04242822B48B00B68E38 /* BookingRecordView.swift */; };
		C77E04272822B9EA00B68E38 /* BookingRecordData.swift in Sources */ = {isa = PBXBuildFile; fileRef = C77E04262822B9EA00B68E38 /* BookingRecordData.swift */; };
		C77E042A282796E600B68E38 /* LoginView.swift in Sources */ = {isa = PBXBuildFile; fileRef = C77E0429282796E600B68E38 /* LoginView.swift */; };
		C7A56CB7281A64F200846C78 /* MentalSystemApp.swift in Sources */ = {isa = PBXBuildFile; fileRef = C7A56CB6281A64F200846C78 /* MentalSystemApp.swift */; };
		C7A56CBB281A64F500846C78 /* Assets.xcassets in Resources */ = {isa = PBXBuildFile; fileRef = C7A56CBA281A64F500846C78 /* Assets.xcassets */; };
		C7A56CBE281A64F500846C78 /* Preview Assets.xcassets in Resources */ = {isa = PBXBuildFile; fileRef = C7A56CBD281A64F500846C78 /* Preview Assets.xcassets */; };
		C7A56CC8281A64F500846C78 /* MentalSystemTests.swift in Sources */ = {isa = PBXBuildFile; fileRef = C7A56CC7281A64F500846C78 /* MentalSystemTests.swift */; };
		C7A56CD2281A64F500846C78 /* MentalSystemUITests.swift in Sources */ = {isa = PBXBuildFile; fileRef = C7A56CD1281A64F500846C78 /* MentalSystemUITests.swift */; };
		C7A56CD4281A64F500846C78 /* MentalSystemUITestsLaunchTests.swift in Sources */ = {isa = PBXBuildFile; fileRef = C7A56CD3281A64F500846C78 /* MentalSystemUITestsLaunchTests.swift */; };
		C7A56CE5281A6EDB00846C78 /* TestMainView.swift in Sources */ = {isa = PBXBuildFile; fileRef = C7A56CE4281A6EDB00846C78 /* TestMainView.swift */; };
		C7CA178E2822644100AC5CA1 /* TestHistoryView.swift in Sources */ = {isa = PBXBuildFile; fileRef = C7CA178D2822644100AC5CA1 /* TestHistoryView.swift */; };
		C7CA179028226A3000AC5CA1 /* TestHistoryData.swift in Sources */ = {isa = PBXBuildFile; fileRef = C7CA178F28226A2F00AC5CA1 /* TestHistoryData.swift */; };
		C7E791C9281AC7DE002DF4A4 /* TestData.swift in Sources */ = {isa = PBXBuildFile; fileRef = C7E791C8281AC7DE002DF4A4 /* TestData.swift */; };
		C7E791CB281BB230002DF4A4 /* TabBarView.swift in Sources */ = {isa = PBXBuildFile; fileRef = C7E791CA281BB230002DF4A4 /* TabBarView.swift */; };
		C7E791CD281BB414002DF4A4 /* StationMainView.swift in Sources */ = {isa = PBXBuildFile; fileRef = C7E791CC281BB414002DF4A4 /* StationMainView.swift */; };
		C7E791CF281BB424002DF4A4 /* HealMainView.swift in Sources */ = {isa = PBXBuildFile; fileRef = C7E791CE281BB424002DF4A4 /* HealMainView.swift */; };
		C7E791D1281BB433002DF4A4 /* PersonMainView.swift in Sources */ = {isa = PBXBuildFile; fileRef = C7E791D0281BB433002DF4A4 /* PersonMainView.swift */; };
		C7E791D7281BCF9A002DF4A4 /* TableDetailView.swift in Sources */ = {isa = PBXBuildFile; fileRef = C7E791D6281BCF9A002DF4A4 /* TableDetailView.swift */; };
/* End PBXBuildFile section */

/* Begin PBXContainerItemProxy section */
		C7A56CC4281A64F500846C78 /* PBXContainerItemProxy */ = {
			isa = PBXContainerItemProxy;
			containerPortal = C7A56CAB281A64F200846C78 /* Project object */;
			proxyType = 1;
			remoteGlobalIDString = C7A56CB2281A64F200846C78;
			remoteInfo = MentalSystem;
		};
		C7A56CCE281A64F500846C78 /* PBXContainerItemProxy */ = {
			isa = PBXContainerItemProxy;
			containerPortal = C7A56CAB281A64F200846C78 /* Project object */;
			proxyType = 1;
			remoteGlobalIDString = C7A56CB2281A64F200846C78;
			remoteInfo = MentalSystem;
		};
/* End PBXContainerItemProxy section */

/* Begin PBXFileReference section */
		C77E04202822AB3100B68E38 /* TipsCollectedView.swift */ = {isa = PBXFileReference; lastKnownFileType = sourcecode.swift; path = TipsCollectedView.swift; sourceTree = "<group>"; };
		C77E04222822AFD800B68E38 /* TipsCollectedData.swift */ = {isa = PBXFileReference; lastKnownFileType = sourcecode.swift; path = TipsCollectedData.swift; sourceTree = "<group>"; };
		C77E04242822B48B00B68E38 /* BookingRecordView.swift */ = {isa = PBXFileReference; lastKnownFileType = sourcecode.swift; path = BookingRecordView.swift; sourceTree = "<group>"; };
		C77E04262822B9EA00B68E38 /* BookingRecordData.swift */ = {isa = PBXFileReference; lastKnownFileType = sourcecode.swift; path = BookingRecordData.swift; sourceTree = "<group>"; };
		C77E0429282796E600B68E38 /* LoginView.swift */ = {isa = PBXFileReference; lastKnownFileType = sourcecode.swift; path = LoginView.swift; sourceTree = "<group>"; };
		C7A56CB3281A64F200846C78 /* MentalSystem.app */ = {isa = PBXFileReference; explicitFileType = wrapper.application; includeInIndex = 0; path = MentalSystem.app; sourceTree = BUILT_PRODUCTS_DIR; };
		C7A56CB6281A64F200846C78 /* MentalSystemApp.swift */ = {isa = PBXFileReference; lastKnownFileType = sourcecode.swift; path = MentalSystemApp.swift; sourceTree = "<group>"; };
		C7A56CBA281A64F500846C78 /* Assets.xcassets */ = {isa = PBXFileReference; lastKnownFileType = folder.assetcatalog; path = Assets.xcassets; sourceTree = "<group>"; };
		C7A56CBD281A64F500846C78 /* Preview Assets.xcassets */ = {isa = PBXFileReference; lastKnownFileType = folder.assetcatalog; path = "Preview Assets.xcassets"; sourceTree = "<group>"; };
		C7A56CC3281A64F500846C78 /* MentalSystemTests.xctest */ = {isa = PBXFileReference; explicitFileType = wrapper.cfbundle; includeInIndex = 0; path = MentalSystemTests.xctest; sourceTree = BUILT_PRODUCTS_DIR; };
		C7A56CC7281A64F500846C78 /* MentalSystemTests.swift */ = {isa = PBXFileReference; lastKnownFileType = sourcecode.swift; path = MentalSystemTests.swift; sourceTree = "<group>"; };
		C7A56CCD281A64F500846C78 /* MentalSystemUITests.xctest */ = {isa = PBXFileReference; explicitFileType = wrapper.cfbundle; includeInIndex = 0; path = MentalSystemUITests.xctest; sourceTree = BUILT_PRODUCTS_DIR; };
		C7A56CD1281A64F500846C78 /* MentalSystemUITests.swift */ = {isa = PBXFileReference; lastKnownFileType = sourcecode.swift; path = MentalSystemUITests.swift; sourceTree = "<group>"; };
		C7A56CD3281A64F500846C78 /* MentalSystemUITestsLaunchTests.swift */ = {isa = PBXFileReference; lastKnownFileType = sourcecode.swift; path = MentalSystemUITestsLaunchTests.swift; sourceTree = "<group>"; };
		C7A56CE4281A6EDB00846C78 /* TestMainView.swift */ = {isa = PBXFileReference; lastKnownFileType = sourcecode.swift; path = TestMainView.swift; sourceTree = "<group>"; };
		C7CA178D2822644100AC5CA1 /* TestHistoryView.swift */ = {isa = PBXFileReference; lastKnownFileType = sourcecode.swift; path = TestHistoryView.swift; sourceTree = "<group>"; };
		C7CA178F28226A2F00AC5CA1 /* TestHistoryData.swift */ = {isa = PBXFileReference; lastKnownFileType = sourcecode.swift; path = TestHistoryData.swift; sourceTree = "<group>"; };
		C7E791C8281AC7DE002DF4A4 /* TestData.swift */ = {isa = PBXFileReference; lastKnownFileType = sourcecode.swift; path = TestData.swift; sourceTree = "<group>"; };
		C7E791CA281BB230002DF4A4 /* TabBarView.swift */ = {isa = PBXFileReference; lastKnownFileType = sourcecode.swift; path = TabBarView.swift; sourceTree = "<group>"; };
		C7E791CC281BB414002DF4A4 /* StationMainView.swift */ = {isa = PBXFileReference; lastKnownFileType = sourcecode.swift; path = StationMainView.swift; sourceTree = "<group>"; };
		C7E791CE281BB424002DF4A4 /* HealMainView.swift */ = {isa = PBXFileReference; lastKnownFileType = sourcecode.swift; path = HealMainView.swift; sourceTree = "<group>"; };
		C7E791D0281BB433002DF4A4 /* PersonMainView.swift */ = {isa = PBXFileReference; lastKnownFileType = sourcecode.swift; path = PersonMainView.swift; sourceTree = "<group>"; };
		C7E791D6281BCF9A002DF4A4 /* TableDetailView.swift */ = {isa = PBXFileReference; lastKnownFileType = sourcecode.swift; path = TableDetailView.swift; sourceTree = "<group>"; };
/* End PBXFileReference section */

/* Begin PBXFrameworksBuildPhase section */
		C7A56CB0281A64F200846C78 /* Frameworks */ = {
			isa = PBXFrameworksBuildPhase;
			buildActionMask = 2147483647;
			files = (
			);
			runOnlyForDeploymentPostprocessing = 0;
		};
		C7A56CC0281A64F500846C78 /* Frameworks */ = {
			isa = PBXFrameworksBuildPhase;
			buildActionMask = 2147483647;
			files = (
			);
			runOnlyForDeploymentPostprocessing = 0;
		};
		C7A56CCA281A64F500846C78 /* Frameworks */ = {
			isa = PBXFrameworksBuildPhase;
			buildActionMask = 2147483647;
			files = (
			);
			runOnlyForDeploymentPostprocessing = 0;
		};
/* End PBXFrameworksBuildPhase section */

/* Begin PBXGroup section */
		C77E0428282796BE00B68E38 /* 登录注册 */ = {
			isa = PBXGroup;
			children = (
				C77E0429282796E600B68E38 /* LoginView.swift */,
			);
			path = "登录注册";
			sourceTree = "<group>";
		};
		C7A56CAA281A64F200846C78 = {
			isa = PBXGroup;
			children = (
				C7A56CB5281A64F200846C78 /* MentalSystem */,
				C7A56CC6281A64F500846C78 /* MentalSystemTests */,
				C7A56CD0281A64F500846C78 /* MentalSystemUITests */,
				C7A56CB4281A64F200846C78 /* Products */,
			);
			sourceTree = "<group>";
		};
		C7A56CB4281A64F200846C78 /* Products */ = {
			isa = PBXGroup;
			children = (
				C7A56CB3281A64F200846C78 /* MentalSystem.app */,
				C7A56CC3281A64F500846C78 /* MentalSystemTests.xctest */,
				C7A56CCD281A64F500846C78 /* MentalSystemUITests.xctest */,
			);
			name = Products;
			sourceTree = "<group>";
		};
		C7A56CB5281A64F200846C78 /* MentalSystem */ = {
			isa = PBXGroup;
			children = (
				C77E0428282796BE00B68E38 /* 登录注册 */,
				C7A56CE0281A6E4800846C78 /* 心理测评 */,
				C7A56CE1281A6E5700846C78 /* 心理健康站 */,
				C7A56CE2281A6E9400846C78 /* 情绪舒缓 */,
				C7A56CE3281A6E9C00846C78 /* 个人中心 */,
				C7A56CB6281A64F200846C78 /* MentalSystemApp.swift */,
				C7E791CA281BB230002DF4A4 /* TabBarView.swift */,
				C7A56CBA281A64F500846C78 /* Assets.xcassets */,
				C7A56CBC281A64F500846C78 /* Preview Content */,
			);
			path = MentalSystem;
			sourceTree = "<group>";
		};
		C7A56CBC281A64F500846C78 /* Preview Content */ = {
			isa = PBXGroup;
			children = (
				C7A56CBD281A64F500846C78 /* Preview Assets.xcassets */,
			);
			path = "Preview Content";
			sourceTree = "<group>";
		};
		C7A56CC6281A64F500846C78 /* MentalSystemTests */ = {
			isa = PBXGroup;
			children = (
				C7A56CC7281A64F500846C78 /* MentalSystemTests.swift */,
			);
			path = MentalSystemTests;
			sourceTree = "<group>";
		};
		C7A56CD0281A64F500846C78 /* MentalSystemUITests */ = {
			isa = PBXGroup;
			children = (
				C7A56CD1281A64F500846C78 /* MentalSystemUITests.swift */,
				C7A56CD3281A64F500846C78 /* MentalSystemUITestsLaunchTests.swift */,
			);
			path = MentalSystemUITests;
			sourceTree = "<group>";
		};
		C7A56CE0281A6E4800846C78 /* 心理测评 */ = {
			isa = PBXGroup;
			children = (
				C7A56CE4281A6EDB00846C78 /* TestMainView.swift */,
				C7E791C8281AC7DE002DF4A4 /* TestData.swift */,
				C7E791D6281BCF9A002DF4A4 /* TableDetailView.swift */,
			);
			path = "心理测评";
			sourceTree = "<group>";
		};
		C7A56CE1281A6E5700846C78 /* 心理健康站 */ = {
			isa = PBXGroup;
			children = (
				C7E791CC281BB414002DF4A4 /* StationMainView.swift */,
			);
			path = "心理健康站";
			sourceTree = "<group>";
		};
		C7A56CE2281A6E9400846C78 /* 情绪舒缓 */ = {
			isa = PBXGroup;
			children = (
				C7E791CE281BB424002DF4A4 /* HealMainView.swift */,
			);
			path = "情绪舒缓";
			sourceTree = "<group>";
		};
		C7A56CE3281A6E9C00846C78 /* 个人中心 */ = {
			isa = PBXGroup;
			children = (
				C7E791D0281BB433002DF4A4 /* PersonMainView.swift */,
				C7CA178D2822644100AC5CA1 /* TestHistoryView.swift */,
				C7CA178F28226A2F00AC5CA1 /* TestHistoryData.swift */,
				C77E04202822AB3100B68E38 /* TipsCollectedView.swift */,
				C77E04222822AFD800B68E38 /* TipsCollectedData.swift */,
				C77E04242822B48B00B68E38 /* BookingRecordView.swift */,
				C77E04262822B9EA00B68E38 /* BookingRecordData.swift */,
			);
			path = "个人中心";
			sourceTree = "<group>";
		};
/* End PBXGroup section */

/* Begin PBXNativeTarget section */
		C7A56CB2281A64F200846C78 /* MentalSystem */ = {
			isa = PBXNativeTarget;
			buildConfigurationList = C7A56CD7281A64F500846C78 /* Build configuration list for PBXNativeTarget "MentalSystem" */;
			buildPhases = (
				C7A56CAF281A64F200846C78 /* Sources */,
				C7A56CB0281A64F200846C78 /* Frameworks */,
				C7A56CB1281A64F200846C78 /* Resources */,
			);
			buildRules = (
			);
			dependencies = (
			);
			name = MentalSystem;
			productName = MentalSystem;
			productReference = C7A56CB3281A64F200846C78 /* MentalSystem.app */;
			productType = "com.apple.product-type.application";
		};
		C7A56CC2281A64F500846C78 /* MentalSystemTests */ = {
			isa = PBXNativeTarget;
			buildConfigurationList = C7A56CDA281A64F500846C78 /* Build configuration list for PBXNativeTarget "MentalSystemTests" */;
			buildPhases = (
				C7A56CBF281A64F500846C78 /* Sources */,
				C7A56CC0281A64F500846C78 /* Frameworks */,
				C7A56CC1281A64F500846C78 /* Resources */,
			);
			buildRules = (
			);
			dependencies = (
				C7A56CC5281A64F500846C78 /* PBXTargetDependency */,
			);
			name = MentalSystemTests;
			productName = MentalSystemTests;
			productReference = C7A56CC3281A64F500846C78 /* MentalSystemTests.xctest */;
			productType = "com.apple.product-type.bundle.unit-test";
		};
		C7A56CCC281A64F500846C78 /* MentalSystemUITests */ = {
			isa = PBXNativeTarget;
			buildConfigurationList = C7A56CDD281A64F500846C78 /* Build configuration list for PBXNativeTarget "MentalSystemUITests" */;
			buildPhases = (
				C7A56CC9281A64F500846C78 /* Sources */,
				C7A56CCA281A64F500846C78 /* Frameworks */,
				C7A56CCB281A64F500846C78 /* Resources */,
			);
			buildRules = (
			);
			dependencies = (
				C7A56CCF281A64F500846C78 /* PBXTargetDependency */,
			);
			name = MentalSystemUITests;
			productName = MentalSystemUITests;
			productReference = C7A56CCD281A64F500846C78 /* MentalSystemUITests.xctest */;
			productType = "com.apple.product-type.bundle.ui-testing";
		};
/* End PBXNativeTarget section */

/* Begin PBXProject section */
		C7A56CAB281A64F200846C78 /* Project object */ = {
			isa = PBXProject;
			attributes = {
				BuildIndependentTargetsInParallel = 1;
				LastSwiftUpdateCheck = 1320;
				LastUpgradeCheck = 1320;
				TargetAttributes = {
					C7A56CB2281A64F200846C78 = {
						CreatedOnToolsVersion = 13.2.1;
					};
					C7A56CC2281A64F500846C78 = {
						CreatedOnToolsVersion = 13.2.1;
						TestTargetID = C7A56CB2281A64F200846C78;
					};
					C7A56CCC281A64F500846C78 = {
						CreatedOnToolsVersion = 13.2.1;
						TestTargetID = C7A56CB2281A64F200846C78;
					};
				};
			};
			buildConfigurationList = C7A56CAE281A64F200846C78 /* Build configuration list for PBXProject "MentalSystem" */;
			compatibilityVersion = "Xcode 13.0";
			developmentRegion = en;
			hasScannedForEncodings = 0;
			knownRegions = (
				en,
				Base,
			);
			mainGroup = C7A56CAA281A64F200846C78;
			productRefGroup = C7A56CB4281A64F200846C78 /* Products */;
			projectDirPath = "";
			projectRoot = "";
			targets = (
				C7A56CB2281A64F200846C78 /* MentalSystem */,
				C7A56CC2281A64F500846C78 /* MentalSystemTests */,
				C7A56CCC281A64F500846C78 /* MentalSystemUITests */,
			);
		};
/* End PBXProject section */

/* Begin PBXResourcesBuildPhase section */
		C7A56CB1281A64F200846C78 /* Resources */ = {
			isa = PBXResourcesBuildPhase;
			buildActionMask = 2147483647;
			files = (
				C7A56CBE281A64F500846C78 /* Preview Assets.xcassets in Resources */,
				C7A56CBB281A64F500846C78 /* Assets.xcassets in Resources */,
			);
			runOnlyForDeploymentPostprocessing = 0;
		};
		C7A56CC1281A64F500846C78 /* Resources */ = {
			isa = PBXResourcesBuildPhase;
			buildActionMask = 2147483647;
			files = (
			);
			runOnlyForDeploymentPostprocessing = 0;
		};
		C7A56CCB281A64F500846C78 /* Resources */ = {
			isa = PBXResourcesBuildPhase;
			buildActionMask = 2147483647;
			files = (
			);
			runOnlyForDeploymentPostprocessing = 0;
		};
/* End PBXResourcesBuildPhase section */

/* Begin PBXSourcesBuildPhase section */
		C7A56CAF281A64F200846C78 /* Sources */ = {
			isa = PBXSourcesBuildPhase;
			buildActionMask = 2147483647;
			files = (
				C77E04252822B48B00B68E38 /* BookingRecordView.swift in Sources */,
				C7E791CD281BB414002DF4A4 /* StationMainView.swift in Sources */,
				C77E04272822B9EA00B68E38 /* BookingRecordData.swift in Sources */,
				C77E042A282796E600B68E38 /* LoginView.swift in Sources */,
				C7CA178E2822644100AC5CA1 /* TestHistoryView.swift in Sources */,
				C77E04212822AB3100B68E38 /* TipsCollectedView.swift in Sources */,
				C7CA179028226A3000AC5CA1 /* TestHistoryData.swift in Sources */,
				C7A56CB7281A64F200846C78 /* MentalSystemApp.swift in Sources */,
				C7A56CE5281A6EDB00846C78 /* TestMainView.swift in Sources */,
				C7E791CB281BB230002DF4A4 /* TabBarView.swift in Sources */,
				C77E04232822AFD800B68E38 /* TipsCollectedData.swift in Sources */,
				C7E791C9281AC7DE002DF4A4 /* TestData.swift in Sources */,
				C7E791D1281BB433002DF4A4 /* PersonMainView.swift in Sources */,
				C7E791D7281BCF9A002DF4A4 /* TableDetailView.swift in Sources */,
				C7E791CF281BB424002DF4A4 /* HealMainView.swift in Sources */,
			);
			runOnlyForDeploymentPostprocessing = 0;
		};
		C7A56CBF281A64F500846C78 /* Sources */ = {
			isa = PBXSourcesBuildPhase;
			buildActionMask = 2147483647;
			files = (
				C7A56CC8281A64F500846C78 /* MentalSystemTests.swift in Sources */,
			);
			runOnlyForDeploymentPostprocessing = 0;
		};
		C7A56CC9281A64F500846C78 /* Sources */ = {
			isa = PBXSourcesBuildPhase;
			buildActionMask = 2147483647;
			files = (
				C7A56CD4281A64F500846C78 /* MentalSystemUITestsLaunchTests.swift in Sources */,
				C7A56CD2281A64F500846C78 /* MentalSystemUITests.swift in Sources */,
			);
			runOnlyForDeploymentPostprocessing = 0;
		};
/* End PBXSourcesBuildPhase section */

/* Begin PBXTargetDependency section */
		C7A56CC5281A64F500846C78 /* PBXTargetDependency */ = {
			isa = PBXTargetDependency;
			target = C7A56CB2281A64F200846C78 /* MentalSystem */;
			targetProxy = C7A56CC4281A64F500846C78 /* PBXContainerItemProxy */;
		};
		C7A56CCF281A64F500846C78 /* PBXTargetDependency */ = {
			isa = PBXTargetDependency;
			target = C7A56CB2281A64F200846C78 /* MentalSystem */;
			targetProxy = C7A56CCE281A64F500846C78 /* PBXContainerItemProxy */;
		};
/* End PBXTargetDependency section */

/* Begin XCBuildConfiguration section */
		C7A56CD5281A64F500846C78 /* Debug */ = {
			isa = XCBuildConfiguration;
			buildSettings = {
				ALWAYS_SEARCH_USER_PATHS = NO;
				CLANG_ANALYZER_NONNULL = YES;
				CLANG_ANALYZER_NUMBER_OBJECT_CONVERSION = YES_AGGRESSIVE;
				CLANG_CXX_LANGUAGE_STANDARD = "gnu++17";
				CLANG_CXX_LIBRARY = "libc++";
				CLANG_ENABLE_MODULES = YES;
				CLANG_ENABLE_OBJC_ARC = YES;
				CLANG_ENABLE_OBJC_WEAK = YES;
				CLANG_WARN_BLOCK_CAPTURE_AUTORELEASING = YES;
				CLANG_WARN_BOOL_CONVERSION = YES;
				CLANG_WARN_COMMA = YES;
				CLANG_WARN_CONSTANT_CONVERSION = YES;
				CLANG_WARN_DEPRECATED_OBJC_IMPLEMENTATIONS = YES;
				CLANG_WARN_DIRECT_OBJC_ISA_USAGE = YES_ERROR;
				CLANG_WARN_DOCUMENTATION_COMMENTS = YES;
				CLANG_WARN_EMPTY_BODY = YES;
				CLANG_WARN_ENUM_CONVERSION = YES;
				CLANG_WARN_INFINITE_RECURSION = YES;
				CLANG_WARN_INT_CONVERSION = YES;
				CLANG_WARN_NON_LITERAL_NULL_CONVERSION = YES;
				CLANG_WARN_OBJC_IMPLICIT_RETAIN_SELF = YES;
				CLANG_WARN_OBJC_LITERAL_CONVERSION = YES;
				CLANG_WARN_OBJC_ROOT_CLASS = YES_ERROR;
				CLANG_WARN_QUOTED_INCLUDE_IN_FRAMEWORK_HEADER = YES;
				CLANG_WARN_RANGE_LOOP_ANALYSIS = YES;
				CLANG_WARN_STRICT_PROTOTYPES = YES;
				CLANG_WARN_SUSPICIOUS_MOVE = YES;
				CLANG_WARN_UNGUARDED_AVAILABILITY = YES_AGGRESSIVE;
				CLANG_WARN_UNREACHABLE_CODE = YES;
				CLANG_WARN__DUPLICATE_METHOD_MATCH = YES;
				COPY_PHASE_STRIP = NO;
				DEBUG_INFORMATION_FORMAT = dwarf;
				ENABLE_STRICT_OBJC_MSGSEND = YES;
				ENABLE_TESTABILITY = YES;
				GCC_C_LANGUAGE_STANDARD = gnu11;
				GCC_DYNAMIC_NO_PIC = NO;
				GCC_NO_COMMON_BLOCKS = YES;
				GCC_OPTIMIZATION_LEVEL = 0;
				GCC_PREPROCESSOR_DEFINITIONS = (
					"DEBUG=1",
					"$(inherited)",
				);
				GCC_WARN_64_TO_32_BIT_CONVERSION = YES;
				GCC_WARN_ABOUT_RETURN_TYPE = YES_ERROR;
				GCC_WARN_UNDECLARED_SELECTOR = YES;
				GCC_WARN_UNINITIALIZED_AUTOS = YES_AGGRESSIVE;
				GCC_WARN_UNUSED_FUNCTION = YES;
				GCC_WARN_UNUSED_VARIABLE = YES;
				IPHONEOS_DEPLOYMENT_TARGET = 15.2;
				MTL_ENABLE_DEBUG_INFO = INCLUDE_SOURCE;
				MTL_FAST_MATH = YES;
				ONLY_ACTIVE_ARCH = YES;
				SDKROOT = iphoneos;
				SWIFT_ACTIVE_COMPILATION_CONDITIONS = DEBUG;
				SWIFT_OPTIMIZATION_LEVEL = "-Onone";
			};
			name = Debug;
		};
		C7A56CD6281A64F500846C78 /* Release */ = {
			isa = XCBuildConfiguration;
			buildSettings = {
				ALWAYS_SEARCH_USER_PATHS = NO;
				CLANG_ANALYZER_NONNULL = YES;
				CLANG_ANALYZER_NUMBER_OBJECT_CONVERSION = YES_AGGRESSIVE;
				CLANG_CXX_LANGUAGE_STANDARD = "gnu++17";
				CLANG_CXX_LIBRARY = "libc++";
				CLANG_ENABLE_MODULES = YES;
				CLANG_ENABLE_OBJC_ARC = YES;
				CLANG_ENABLE_OBJC_WEAK = YES;
				CLANG_WARN_BLOCK_CAPTURE_AUTORELEASING = YES;
				CLANG_WARN_BOOL_CONVERSION = YES;
				CLANG_WARN_COMMA = YES;
				CLANG_WARN_CONSTANT_CONVERSION = YES;
				CLANG_WARN_DEPRECATED_OBJC_IMPLEMENTATIONS = YES;
				CLANG_WARN_DIRECT_OBJC_ISA_USAGE = YES_ERROR;
				CLANG_WARN_DOCUMENTATION_COMMENTS = YES;
				CLANG_WARN_EMPTY_BODY = YES;
				CLANG_WARN_ENUM_CONVERSION = YES;
				CLANG_WARN_INFINITE_RECURSION = YES;
				CLANG_WARN_INT_CONVERSION = YES;
				CLANG_WARN_NON_LITERAL_NULL_CONVERSION = YES;
				CLANG_WARN_OBJC_IMPLICIT_RETAIN_SELF = YES;
				CLANG_WARN_OBJC_LITERAL_CONVERSION = YES;
				CLANG_WARN_OBJC_ROOT_CLASS = YES_ERROR;
				CLANG_WARN_QUOTED_INCLUDE_IN_FRAMEWORK_HEADER = YES;
				CLANG_WARN_RANGE_LOOP_ANALYSIS = YES;
				CLANG_WARN_STRICT_PROTOTYPES = YES;
				CLANG_WARN_SUSPICIOUS_MOVE = YES;
				CLANG_WARN_UNGUARDED_AVAILABILITY = YES_AGGRESSIVE;
				CLANG_WARN_UNREACHABLE_CODE = YES;
				CLANG_WARN__DUPLICATE_METHOD_MATCH = YES;
				COPY_PHASE_STRIP = NO;
				DEBUG_INFORMATION_FORMAT = "dwarf-with-dsym";
				ENABLE_NS_ASSERTIONS = NO;
				ENABLE_STRICT_OBJC_MSGSEND = YES;
				GCC_C_LANGUAGE_STANDARD = gnu11;
				GCC_NO_COMMON_BLOCKS = YES;
				GCC_WARN_64_TO_32_BIT_CONVERSION = YES;
				GCC_WARN_ABOUT_RETURN_TYPE = YES_ERROR;
				GCC_WARN_UNDECLARED_SELECTOR = YES;
				GCC_WARN_UNINITIALIZED_AUTOS = YES_AGGRESSIVE;
				GCC_WARN_UNUSED_FUNCTION = YES;
				GCC_WARN_UNUSED_VARIABLE = YES;
				IPHONEOS_DEPLOYMENT_TARGET = 15.2;
				MTL_ENABLE_DEBUG_INFO = NO;
				MTL_FAST_MATH = YES;
				SDKROOT = iphoneos;
				SWIFT_COMPILATION_MODE = wholemodule;
				SWIFT_OPTIMIZATION_LEVEL = "-O";
				VALIDATE_PRODUCT = YES;
			};
			name = Release;
		};
		C7A56CD8281A64F500846C78 /* Debug */ = {
			isa = XCBuildConfiguration;
			buildSettings = {
				ASSETCATALOG_COMPILER_APPICON_NAME = AppIcon;
				ASSETCATALOG_COMPILER_GLOBAL_ACCENT_COLOR_NAME = AccentColor;
				CODE_SIGN_STYLE = Automatic;
				CURRENT_PROJECT_VERSION = 1;
				DEVELOPMENT_ASSET_PATHS = "\"MentalSystem/Preview Content\"";
				DEVELOPMENT_TEAM = 47BHK4HLVT;
				ENABLE_PREVIEWS = YES;
				GENERATE_INFOPLIST_FILE = YES;
				INFOPLIST_KEY_UIApplicationSceneManifest_Generation = YES;
				INFOPLIST_KEY_UIApplicationSupportsIndirectInputEvents = YES;
				INFOPLIST_KEY_UILaunchScreen_Generation = YES;
				INFOPLIST_KEY_UISupportedInterfaceOrientations_iPad = "UIInterfaceOrientationPortrait UIInterfaceOrientationPortraitUpsideDown UIInterfaceOrientationLandscapeLeft UIInterfaceOrientationLandscapeRight";
				INFOPLIST_KEY_UISupportedInterfaceOrientations_iPhone = "UIInterfaceOrientationPortrait UIInterfaceOrientationLandscapeLeft UIInterfaceOrientationLandscapeRight";
				LD_RUNPATH_SEARCH_PATHS = (
					"$(inherited)",
					"@executable_path/Frameworks",
				);
				MARKETING_VERSION = 1.0;
				PRODUCT_BUNDLE_IDENTIFIER = Chutiiing.MentalSystem;
				PRODUCT_NAME = "$(TARGET_NAME)";
				SWIFT_EMIT_LOC_STRINGS = YES;
				SWIFT_VERSION = 5.0;
				TARGETED_DEVICE_FAMILY = "1,2";
			};
			name = Debug;
		};
		C7A56CD9281A64F500846C78 /* Release */ = {
			isa = XCBuildConfiguration;
			buildSettings = {
				ASSETCATALOG_COMPILER_APPICON_NAME = AppIcon;
				ASSETCATALOG_COMPILER_GLOBAL_ACCENT_COLOR_NAME = AccentColor;
				CODE_SIGN_STYLE = Automatic;
				CURRENT_PROJECT_VERSION = 1;
				DEVELOPMENT_ASSET_PATHS = "\"MentalSystem/Preview Content\"";
				DEVELOPMENT_TEAM = 47BHK4HLVT;
				ENABLE_PREVIEWS = YES;
				GENERATE_INFOPLIST_FILE = YES;
				INFOPLIST_KEY_UIApplicationSceneManifest_Generation = YES;
				INFOPLIST_KEY_UIApplicationSupportsIndirectInputEvents = YES;
				INFOPLIST_KEY_UILaunchScreen_Generation = YES;
				INFOPLIST_KEY_UISupportedInterfaceOrientations_iPad = "UIInterfaceOrientationPortrait UIInterfaceOrientationPortraitUpsideDown UIInterfaceOrientationLandscapeLeft UIInterfaceOrientationLandscapeRight";
				INFOPLIST_KEY_UISupportedInterfaceOrientations_iPhone = "UIInterfaceOrientationPortrait UIInterfaceOrientationLandscapeLeft UIInterfaceOrientationLandscapeRight";
				LD_RUNPATH_SEARCH_PATHS = (
					"$(inherited)",
					"@executable_path/Frameworks",
				);
				MARKETING_VERSION = 1.0;
				PRODUCT_BUNDLE_IDENTIFIER = Chutiiing.MentalSystem;
				PRODUCT_NAME = "$(TARGET_NAME)";
				SWIFT_EMIT_LOC_STRINGS = YES;
				SWIFT_VERSION = 5.0;
				TARGETED_DEVICE_FAMILY = "1,2";
			};
			name = Release;
		};
		C7A56CDB281A64F500846C78 /* Debug */ = {
			isa = XCBuildConfiguration;
			buildSettings = {
				ALWAYS_EMBED_SWIFT_STANDARD_LIBRARIES = YES;
				BUNDLE_LOADER = "$(TEST_HOST)";
				CODE_SIGN_STYLE = Automatic;
				CURRENT_PROJECT_VERSION = 1;
				DEVELOPMENT_TEAM = 47BHK4HLVT;
				GENERATE_INFOPLIST_FILE = YES;
				IPHONEOS_DEPLOYMENT_TARGET = 15.2;
				MARKETING_VERSION = 1.0;
				PRODUCT_BUNDLE_IDENTIFIER = Chutiiing.MentalSystemTests;
				PRODUCT_NAME = "$(TARGET_NAME)";
				SWIFT_EMIT_LOC_STRINGS = NO;
				SWIFT_VERSION = 5.0;
				TARGETED_DEVICE_FAMILY = "1,2";
				TEST_HOST = "$(BUILT_PRODUCTS_DIR)/MentalSystem.app/MentalSystem";
			};
			name = Debug;
		};
		C7A56CDC281A64F500846C78 /* Release */ = {
			isa = XCBuildConfiguration;
			buildSettings = {
				ALWAYS_EMBED_SWIFT_STANDARD_LIBRARIES = YES;
				BUNDLE_LOADER = "$(TEST_HOST)";
				CODE_SIGN_STYLE = Automatic;
				CURRENT_PROJECT_VERSION = 1;
				DEVELOPMENT_TEAM = 47BHK4HLVT;
				GENERATE_INFOPLIST_FILE = YES;
				IPHONEOS_DEPLOYMENT_TARGET = 15.2;
				MARKETING_VERSION = 1.0;
				PRODUCT_BUNDLE_IDENTIFIER = Chutiiing.MentalSystemTests;
				PRODUCT_NAME = "$(TARGET_NAME)";
				SWIFT_EMIT_LOC_STRINGS = NO;
				SWIFT_VERSION = 5.0;
				TARGETED_DEVICE_FAMILY = "1,2";
				TEST_HOST = "$(BUILT_PRODUCTS_DIR)/MentalSystem.app/MentalSystem";
			};
			name = Release;
		};
		C7A56CDE281A64F500846C78 /* Debug */ = {
			isa = XCBuildConfiguration;
			buildSettings = {
				ALWAYS_EMBED_SWIFT_STANDARD_LIBRARIES = YES;
				CODE_SIGN_STYLE = Automatic;
				CURRENT_PROJECT_VERSION = 1;
				DEVELOPMENT_TEAM = 47BHK4HLVT;
				GENERATE_INFOPLIST_FILE = YES;
				MARKETING_VERSION = 1.0;
				PRODUCT_BUNDLE_IDENTIFIER = Chutiiing.MentalSystemUITests;
				PRODUCT_NAME = "$(TARGET_NAME)";
				SWIFT_EMIT_LOC_STRINGS = NO;
				SWIFT_VERSION = 5.0;
				TARGETED_DEVICE_FAMILY = "1,2";
				TEST_TARGET_NAME = MentalSystem;
			};
			name = Debug;
		};
		C7A56CDF281A64F500846C78 /* Release */ = {
			isa = XCBuildConfiguration;
			buildSettings = {
				ALWAYS_EMBED_SWIFT_STANDARD_LIBRARIES = YES;
				CODE_SIGN_STYLE = Automatic;
				CURRENT_PROJECT_VERSION = 1;
				DEVELOPMENT_TEAM = 47BHK4HLVT;
				GENERATE_INFOPLIST_FILE = YES;
				MARKETING_VERSION = 1.0;
				PRODUCT_BUNDLE_IDENTIFIER = Chutiiing.MentalSystemUITests;
				PRODUCT_NAME = "$(TARGET_NAME)";
				SWIFT_EMIT_LOC_STRINGS = NO;
				SWIFT_VERSION = 5.0;
				TARGETED_DEVICE_FAMILY = "1,2";
				TEST_TARGET_NAME = MentalSystem;
			};
			name = Release;
		};
/* End XCBuildConfiguration section */

/* Begin XCConfigurationList section */
		C7A56CAE281A64F200846C78 /* Build configuration list for PBXProject "MentalSystem" */ = {
			isa = XCConfigurationList;
			buildConfigurations = (
				C7A56CD5281A64F500846C78 /* Debug */,
				C7A56CD6281A64F500846C78 /* Release */,
			);
			defaultConfigurationIsVisible = 0;
			defaultConfigurationName = Release;
		};
		C7A56CD7281A64F500846C78 /* Build configuration list for PBXNativeTarget "MentalSystem" */ = {
			isa = XCConfigurationList;
			buildConfigurations = (
				C7A56CD8281A64F500846C78 /* Debug */,
				C7A56CD9281A64F500846C78 /* Release */,
			);
			defaultConfigurationIsVisible = 0;
			defaultConfigurationName = Release;
		};
		C7A56CDA281A64F500846C78 /* Build configuration list for PBXNativeTarget "MentalSystemTests" */ = {
			isa = XCConfigurationList;
			buildConfigurations = (
				C7A56CDB281A64F500846C78 /* Debug */,
				C7A56CDC281A64F500846C78 /* Release */,
			);
			defaultConfigurationIsVisible = 0;
			defaultConfigurationName = Release;
		};
		C7A56CDD281A64F500846C78 /* Build configuration list for PBXNativeTarget "MentalSystemUITests" */ = {
			isa = XCConfigurationList;
			buildConfigurations = (
				C7A56CDE281A64F500846C78 /* Debug */,
				C7A56CDF281A64F500846C78 /* Release */,
			);
			defaultConfigurationIsVisible = 0;
			defaultConfigurationName = Release;
		};
/* End XCConfigurationList section */
	};
	rootObject = C7A56CAB281A64F200846C78 /* Project object */;
}
